
Microsoft Visual Studio Solution File, Format Version 12.00
# Visual Studio Version 17
VisualStudioVersion = 17.10.34804.81
MinimumVisualStudioVersion = 10.0.40219.1
Project("{FAE04EC0-301F-11D3-BF4B-00C04F79EFBC}") = "MVC_Storage", "MVC_Storage\MVC_Storage.csproj", "{83F8EF32-897A-4ADD-9BB4-9B58690A1939}"
EndProject
Global
	GlobalSection(SolutionConfigurationPlatforms) = preSolution
		Debug|Any CPU = Debug|Any CPU
		Release|Any CPU = Release|Any CPU
	EndGlobalSection
	GlobalSection(ProjectConfigurationPlatforms) = postSolution
		{83F8EF32-897A-4ADD-9BB4-9B58690A1939}.Debug|Any CPU.ActiveCfg = Debug|Any CPU
		{83F8EF32-897A-4ADD-9BB4-9B58690A1939}.Debug|Any CPU.Build.0 = Debug|Any CPU
		{83F8EF32-897A-4ADD-9BB4-9B58690A1939}.Release|Any CPU.ActiveCfg = Release|Any CPU
		{83F8EF32-897A-4ADD-9BB4-9B58690A1939}.Release|Any CPU.Build.0 = Release|Any CPU
	EndGlobalSection
	GlobalSection(SolutionProperties) = preSolution
		HideSolutionNode = FALSE
	EndGlobalSection
	GlobalSection(ExtensibilityGlobals) = postSolution
		SolutionGuid = {2C9560D4-ECF7-4872-884A-311F78A3FCC2}
	EndGlobalSection
EndGlobal
